
Microsoft Visual Studio Solution File, Format Version 12.00
# Visual Studio 15
VisualStudioVersion = 15.0.27703.2047
MinimumVisualStudioVersion = 10.0.40219.1
Project("{888888A0-9F3D-457C-B088-3A5042F75D52}") = "backtrader_addons", "backtrader_addons\backtrader_addons.pyproj", "{12F65B55-35DB-4E88-8DDB-13B3B330B4F2}"
EndProject
Global
	GlobalSection(SolutionConfigurationPlatforms) = preSolution
		Debug|Any CPU = Debug|Any CPU
		Release|Any CPU = Release|Any CPU
	EndGlobalSection
	GlobalSection(ProjectConfigurationPlatforms) = postSolution
		{12F65B55-35DB-4E88-8DDB-13B3B330B4F2}.Debug|Any CPU.ActiveCfg = Debug|Any CPU
		{12F65B55-35DB-4E88-8DDB-13B3B330B4F2}.Release|Any CPU.ActiveCfg = Release|Any CPU
	EndGlobalSection
	GlobalSection(SolutionProperties) = preSolution
		HideSolutionNode = FALSE
	EndGlobalSection
	GlobalSection(ExtensibilityGlobals) = postSolution
		SolutionGuid = {A4DB570E-7F99-4D51-99D4-A2702C698641}
	EndGlobalSection
EndGlobal
